<?xml version="1.0" encoding="UTF-8" standalone="yes" ?>
<CodeBlocks_project_file>
	<FileVersion major="1" minor="6" />
	<Project>
		<Option title="CALL-CENTER" />
		<Option pch_mode="2" />
		<Option compiler="gcc" />
		<Build>
			<Target title="default">
				<Option output="CALL-CENTER" prefix_auto="1" extension_auto="1" />
				<Option type="1" />
				<Option compiler="gcc" />
			</Target>
		</Build>
		<Unit filename="headers/agent.h" />
		<Unit filename="headers/agentMenu.h" />
		<Unit filename="headers/agentlist.h" />
		<Unit filename="headers/agentnode.h" />
		<Unit filename="headers/client.h" />
		<Unit filename="headers/clientMenu.h" />
		<Unit filename="headers/clientlist.h" />
		<Unit filename="headers/clientnode.h" />
		<Unit filename="headers/date.h" />
		<Unit filename="headers/listexception.h" />
		<Unit filename="headers/schedule.h" />
		<Unit filename="headers/time.h" />
		<Unit filename="main.cpp" />
		<Unit filename="sources/agent.cpp" />
		<Unit filename="sources/agentMenu.cpp" />
		<Unit filename="sources/agentlist.cpp" />
		<Unit filename="sources/agentnode.cpp" />
		<Unit filename="sources/client.cpp" />
		<Unit filename="sources/clientMenu.cpp" />
		<Unit filename="sources/clientlist.cpp" />
		<Unit filename="sources/clientnode.cpp" />
		<Unit filename="sources/date.cpp" />
		<Unit filename="sources/schedule.cpp" />
		<Unit filename="sources/time.cpp" />
		<Extensions />
	</Project>
</CodeBlocks_project_file>
